// !$*UTF8*$!
{
	archiveVersion = 1;
	classes = {
	};
	objectVersion = 50;
	objects = {

/* Begin PBXBuildFile section */
		A2121DC9234D9EDA00006087 /* AppDelegate.swift in Sources */ = {isa = PBXBuildFile; fileRef = A2121DC8234D9EDA00006087 /* AppDelegate.swift */; };
		A2121DCB234D9EDA00006087 /* SceneDelegate.swift in Sources */ = {isa = PBXBuildFile; fileRef = A2121DCA234D9EDA00006087 /* SceneDelegate.swift */; };
		A2121DCD234D9EDA00006087 /* ViewController.swift in Sources */ = {isa = PBXBuildFile; fileRef = A2121DCC234D9EDA00006087 /* ViewController.swift */; };
		A2121DD0234D9EDA00006087 /* Main.storyboard in Resources */ = {isa = PBXBuildFile; fileRef = A2121DCE234D9EDA00006087 /* Main.storyboard */; };
		A2121DD2234D9EDD00006087 /* Assets.xcassets in Resources */ = {isa = PBXBuildFile; fileRef = A2121DD1234D9EDD00006087 /* Assets.xcassets */; };
		A2121DD5234D9EDD00006087 /* LaunchScreen.storyboard in Resources */ = {isa = PBXBuildFile; fileRef = A2121DD3234D9EDD00006087 /* LaunchScreen.storyboard */; };
		A29A51D9234DA26100CF4C8D /* SideMenuViewController.swift in Sources */ = {isa = PBXBuildFile; fileRef = A29A51D8234DA26100CF4C8D /* SideMenuViewController.swift */; };
		A29A51DB234DA6F400CF4C8D /* SideMenuPresentationController.swift in Sources */ = {isa = PBXBuildFile; fileRef = A29A51DA234DA6F400CF4C8D /* SideMenuPresentationController.swift */; };
		A29A51DD234DAA8300CF4C8D /* SideMenuAnimator.swift in Sources */ = {isa = PBXBuildFile; fileRef = A29A51DC234DAA8300CF4C8D /* SideMenuAnimator.swift */; };
		A29A51DF234E2B1C00CF4C8D /* SideMenuInteractiveTransition.swift in Sources */ = {isa = PBXBuildFile; fileRef = A29A51DE234E2B1C00CF4C8D /* SideMenuInteractiveTransition.swift */; };
/* End PBXBuildFile section */

/* Begin PBXFileReference section */
		A2121DC5234D9EDA00006087 /* SidePresentation.app */ = {isa = PBXFileReference; explicitFileType = wrapper.application; includeInIndex = 0; path = SidePresentation.app; sourceTree = BUILT_PRODUCTS_DIR; };
		A2121DC8234D9EDA00006087 /* AppDelegate.swift */ = {isa = PBXFileReference; lastKnownFileType = sourcecode.swift; path = AppDelegate.swift; sourceTree = "<group>"; };
		A2121DCA234D9EDA00006087 /* SceneDelegate.swift */ = {isa = PBXFileReference; lastKnownFileType = sourcecode.swift; path = SceneDelegate.swift; sourceTree = "<group>"; };
		A2121DCC234D9EDA00006087 /* ViewController.swift */ = {isa = PBXFileReference; lastKnownFileType = sourcecode.swift; path = ViewController.swift; sourceTree = "<group>"; };
		A2121DCF234D9EDA00006087 /* Base */ = {isa = PBXFileReference; lastKnownFileType = file.storyboard; name = Base; path = Base.lproj/Main.storyboard; sourceTree = "<group>"; };
		A2121DD1234D9EDD00006087 /* Assets.xcassets */ = {isa = PBXFileReference; lastKnownFileType = folder.assetcatalog; path = Assets.xcassets; sourceTree = "<group>"; };
		A2121DD4234D9EDD00006087 /* Base */ = {isa = PBXFileReference; lastKnownFileType = file.storyboard; name = Base; path = Base.lproj/LaunchScreen.storyboard; sourceTree = "<group>"; };
		A2121DD6234D9EDD00006087 /* Info.plist */ = {isa = PBXFileReference; lastKnownFileType = text.plist.xml; path = Info.plist; sourceTree = "<group>"; };
		A29A51D8234DA26100CF4C8D /* SideMenuViewController.swift */ = {isa = PBXFileReference; lastKnownFileType = sourcecode.swift; path = SideMenuViewController.swift; sourceTree = "<group>"; };
		A29A51DA234DA6F400CF4C8D /* SideMenuPresentationController.swift */ = {isa = PBXFileReference; lastKnownFileType = sourcecode.swift; path = SideMenuPresentationController.swift; sourceTree = "<group>"; };
		A29A51DC234DAA8300CF4C8D /* SideMenuAnimator.swift */ = {isa = PBXFileReference; lastKnownFileType = sourcecode.swift; path = SideMenuAnimator.swift; sourceTree = "<group>"; };
		A29A51DE234E2B1C00CF4C8D /* SideMenuInteractiveTransition.swift */ = {isa = PBXFileReference; lastKnownFileType = sourcecode.swift; path = SideMenuInteractiveTransition.swift; sourceTree = "<group>"; };
/* End PBXFileReference section */

/* Begin PBXFrameworksBuildPhase section */
		A2121DC2234D9EDA00006087 /* Frameworks */ = {
			isa = PBXFrameworksBuildPhase;
			buildActionMask = 2147483647;
			files = (
			);
			runOnlyForDeploymentPostprocessing = 0;
		};
/* End PBXFrameworksBuildPhase section */

/* Begin PBXGroup section */
		A2121DBC234D9EDA00006087 = {
			isa = PBXGroup;
			children = (
				A2121DC7234D9EDA00006087 /* SidePresentation */,
				A2121DC6234D9EDA00006087 /* Products */,
			);
			sourceTree = "<group>";
		};
		A2121DC6234D9EDA00006087 /* Products */ = {
			isa = PBXGroup;
			children = (
				A2121DC5234D9EDA00006087 /* SidePresentation.app */,
			);
			name = Products;
			sourceTree = "<group>";
		};
		A2121DC7234D9EDA00006087 /* SidePresentation */ = {
			isa = PBXGroup;
			children = (
				A2121DCC234D9EDA00006087 /* ViewController.swift */,
				A29A51D8234DA26100CF4C8D /* SideMenuViewController.swift */,
				A29A51DA234DA6F400CF4C8D /* SideMenuPresentationController.swift */,
				A29A51DC234DAA8300CF4C8D /* SideMenuAnimator.swift */,
				A29A51DE234E2B1C00CF4C8D /* SideMenuInteractiveTransition.swift */,
				A2121DCE234D9EDA00006087 /* Main.storyboard */,
				A2121DD6234D9EDD00006087 /* Info.plist */,
				A2121DDC234D9F2E00006087 /* Other */,
			);
			path = SidePresentation;
			sourceTree = "<group>";
		};
		A2121DDC234D9F2E00006087 /* Other */ = {
			isa = PBXGroup;
			children = (
				A2121DC8234D9EDA00006087 /* AppDelegate.swift */,
				A2121DCA234D9EDA00006087 /* SceneDelegate.swift */,
				A2121DD1234D9EDD00006087 /* Assets.xcassets */,
				A2121DD3234D9EDD00006087 /* LaunchScreen.storyboard */,
			);
			path = Other;
			sourceTree = "<group>";
		};
/* End PBXGroup section */

/* Begin PBXNativeTarget section */
		A2121DC4234D9EDA00006087 /* SidePresentation */ = {
			isa = PBXNativeTarget;
			buildConfigurationList = A2121DD9234D9EDD00006087 /* Build configuration list for PBXNativeTarget "SidePresentation" */;
			buildPhases = (
				A2121DC1234D9EDA00006087 /* Sources */,
				A2121DC2234D9EDA00006087 /* Frameworks */,
				A2121DC3234D9EDA00006087 /* Resources */,
			);
			buildRules = (
			);
			dependencies = (
			);
			name = SidePresentation;
			productName = SidePresentation;
			productReference = A2121DC5234D9EDA00006087 /* SidePresentation.app */;
			productType = "com.apple.product-type.application";
		};
/* End PBXNativeTarget section */

/* Begin PBXProject section */
		A2121DBD234D9EDA00006087 /* Project object */ = {
			isa = PBXProject;
			attributes = {
				LastSwiftUpdateCheck = 1110;
				LastUpgradeCheck = 1110;
				ORGANIZATIONNAME = "Brad Forsyth";
				TargetAttributes = {
					A2121DC4234D9EDA00006087 = {
						CreatedOnToolsVersion = 11.1;
					};
				};
			};
			buildConfigurationList = A2121DC0234D9EDA00006087 /* Build configuration list for PBXProject "SidePresentation" */;
			compatibilityVersion = "Xcode 9.3";
			developmentRegion = en;
			hasScannedForEncodings = 0;
			knownRegions = (
				en,
				Base,
			);
			mainGroup = A2121DBC234D9EDA00006087;
			productRefGroup = A2121DC6234D9EDA00006087 /* Products */;
			projectDirPath = "";
			projectRoot = "";
			targets = (
				A2121DC4234D9EDA00006087 /* SidePresentation */,
			);
		};
/* End PBXProject section */

/* Begin PBXResourcesBuildPhase section */
		A2121DC3234D9EDA00006087 /* Resources */ = {
			isa = PBXResourcesBuildPhase;
			buildActionMask = 2147483647;
			files = (
				A2121DD5234D9EDD00006087 /* LaunchScreen.storyboard in Resources */,
				A2121DD2234D9EDD00006087 /* Assets.xcassets in Resources */,
				A2121DD0234D9EDA00006087 /* Main.storyboard in Resources */,
			);
			runOnlyForDeploymentPostprocessing = 0;
		};
/* End PBXResourcesBuildPhase section */

/* Begin PBXSourcesBuildPhase section */
		A2121DC1234D9EDA00006087 /* Sources */ = {
			isa = PBXSourcesBuildPhase;
			buildActionMask = 2147483647;
			files = (
				A29A51D9234DA26100CF4C8D /* SideMenuViewController.swift in Sources */,
				A2121DCD234D9EDA00006087 /* ViewController.swift in Sources */,
				A29A51DD234DAA8300CF4C8D /* SideMenuAnimator.swift in Sources */,
				A2121DC9234D9EDA00006087 /* AppDelegate.swift in Sources */,
				A29A51DB234DA6F400CF4C8D /* SideMenuPresentationController.swift in Sources */,
				A29A51DF234E2B1C00CF4C8D /* SideMenuInteractiveTransition.swift in Sources */,
				A2121DCB234D9EDA00006087 /* SceneDelegate.swift in Sources */,
			);
			runOnlyForDeploymentPostprocessing = 0;
		};
/* End PBXSourcesBuildPhase section */

/* Begin PBXVariantGroup section */
		A2121DCE234D9EDA00006087 /* Main.storyboard */ = {
			isa = PBXVariantGroup;
			children = (
				A2121DCF234D9EDA00006087 /* Base */,
			);
			name = Main.storyboard;
			sourceTree = "<group>";
		};
		A2121DD3234D9EDD00006087 /* LaunchScreen.storyboard */ = {
			isa = PBXVariantGroup;
			children = (
				A2121DD4234D9EDD00006087 /* Base */,
			);
			name = LaunchScreen.storyboard;
			sourceTree = "<group>";
		};
/* End PBXVariantGroup section */

/* Begin XCBuildConfiguration section */
		A2121DD7234D9EDD00006087 /* Debug */ = {
			isa = XCBuildConfiguration;
			buildSettings = {
				ALWAYS_SEARCH_USER_PATHS = NO;
				CLANG_ANALYZER_NONNULL = YES;
				CLANG_ANALYZER_NUMBER_OBJECT_CONVERSION = YES_AGGRESSIVE;
				CLANG_CXX_LANGUAGE_STANDARD = "gnu++14";
				CLANG_CXX_LIBRARY = "libc++";
				CLANG_ENABLE_MODULES = YES;
				CLANG_ENABLE_OBJC_ARC = YES;
				CLANG_ENABLE_OBJC_WEAK = YES;
				CLANG_WARN_BLOCK_CAPTURE_AUTORELEASING = YES;
				CLANG_WARN_BOOL_CONVERSION = YES;
				CLANG_WARN_COMMA = YES;
				CLANG_WARN_CONSTANT_CONVERSION = YES;
				CLANG_WARN_DEPRECATED_OBJC_IMPLEMENTATIONS = YES;
				CLANG_WARN_DIRECT_OBJC_ISA_USAGE = YES_ERROR;
				CLANG_WARN_DOCUMENTATION_COMMENTS = YES;
				CLANG_WARN_EMPTY_BODY = YES;
				CLANG_WARN_ENUM_CONVERSION = YES;
				CLANG_WARN_INFINITE_RECURSION = YES;
				CLANG_WARN_INT_CONVERSION = YES;
				CLANG_WARN_NON_LITERAL_NULL_CONVERSION = YES;
				CLANG_WARN_OBJC_IMPLICIT_RETAIN_SELF = YES;
				CLANG_WARN_OBJC_LITERAL_CONVERSION = YES;
				CLANG_WARN_OBJC_ROOT_CLASS = YES_ERROR;
				CLANG_WARN_RANGE_LOOP_ANALYSIS = YES;
				CLANG_WARN_STRICT_PROTOTYPES = YES;
				CLANG_WARN_SUSPICIOUS_MOVE = YES;
				CLANG_WARN_UNGUARDED_AVAILABILITY = YES_AGGRESSIVE;
				CLANG_WARN_UNREACHABLE_CODE = YES;
				CLANG_WARN__DUPLICATE_METHOD_MATCH = YES;
				COPY_PHASE_STRIP = NO;
				DEBUG_INFORMATION_FORMAT = dwarf;
				ENABLE_STRICT_OBJC_MSGSEND = YES;
				ENABLE_TESTABILITY = YES;
				GCC_C_LANGUAGE_STANDARD = gnu11;
				GCC_DYNAMIC_NO_PIC = NO;
				GCC_NO_COMMON_BLOCKS = YES;
				GCC_OPTIMIZATION_LEVEL = 0;
				GCC_PREPROCESSOR_DEFINITIONS = (
					"DEBUG=1",
					"$(inherited)",
				);
				GCC_WARN_64_TO_32_BIT_CONVERSION = YES;
				GCC_WARN_ABOUT_RETURN_TYPE = YES_ERROR;
				GCC_WARN_UNDECLARED_SELECTOR = YES;
				GCC_WARN_UNINITIALIZED_AUTOS = YES_AGGRESSIVE;
				GCC_WARN_UNUSED_FUNCTION = YES;
				GCC_WARN_UNUSED_VARIABLE = YES;
				IPHONEOS_DEPLOYMENT_TARGET = 13.1;
				MTL_ENABLE_DEBUG_INFO = INCLUDE_SOURCE;
				MTL_FAST_MATH = YES;
				ONLY_ACTIVE_ARCH = YES;
				SDKROOT = iphoneos;
				SWIFT_ACTIVE_COMPILATION_CONDITIONS = DEBUG;
				SWIFT_OPTIMIZATION_LEVEL = "-Onone";
			};
			name = Debug;
		};
		A2121DD8234D9EDD00006087 /* Release */ = {
			isa = XCBuildConfiguration;
			buildSettings = {
				ALWAYS_SEARCH_USER_PATHS = NO;
				CLANG_ANALYZER_NONNULL = YES;
				CLANG_ANALYZER_NUMBER_OBJECT_CONVERSION = YES_AGGRESSIVE;
				CLANG_CXX_LANGUAGE_STANDARD = "gnu++14";
				CLANG_CXX_LIBRARY = "libc++";
				CLANG_ENABLE_MODULES = YES;
				CLANG_ENABLE_OBJC_ARC = YES;
				CLANG_ENABLE_OBJC_WEAK = YES;
				CLANG_WARN_BLOCK_CAPTURE_AUTORELEASING = YES;
				CLANG_WARN_BOOL_CONVERSION = YES;
				CLANG_WARN_COMMA = YES;
				CLANG_WARN_CONSTANT_CONVERSION = YES;
				CLANG_WARN_DEPRECATED_OBJC_IMPLEMENTATIONS = YES;
				CLANG_WARN_DIRECT_OBJC_ISA_USAGE = YES_ERROR;
				CLANG_WARN_DOCUMENTATION_COMMENTS = YES;
				CLANG_WARN_EMPTY_BODY = YES;
				CLANG_WARN_ENUM_CONVERSION = YES;
				CLANG_WARN_INFINITE_RECURSION = YES;
				CLANG_WARN_INT_CONVERSION = YES;
				CLANG_WARN_NON_LITERAL_NULL_CONVERSION = YES;
				CLANG_WARN_OBJC_IMPLICIT_RETAIN_SELF = YES;
				CLANG_WARN_OBJC_LITERAL_CONVERSION = YES;
				CLANG_WARN_OBJC_ROOT_CLASS = YES_ERROR;
				CLANG_WARN_RANGE_LOOP_ANALYSIS = YES;
				CLANG_WARN_STRICT_PROTOTYPES = YES;
				CLANG_WARN_SUSPICIOUS_MOVE = YES;
				CLANG_WARN_UNGUARDED_AVAILABILITY = YES_AGGRESSIVE;
				CLANG_WARN_UNREACHABLE_CODE = YES;
				CLANG_WARN__DUPLICATE_METHOD_MATCH = YES;
				COPY_PHASE_STRIP = NO;
				DEBUG_INFORMATION_FORMAT = "dwarf-with-dsym";
				ENABLE_NS_ASSERTIONS = NO;
				ENABLE_STRICT_OBJC_MSGSEND = YES;
				GCC_C_LANGUAGE_STANDARD = gnu11;
				GCC_NO_COMMON_BLOCKS = YES;
				GCC_WARN_64_TO_32_BIT_CONVERSION = YES;
				GCC_WARN_ABOUT_RETURN_TYPE = YES_ERROR;
				GCC_WARN_UNDECLARED_SELECTOR = YES;
				GCC_WARN_UNINITIALIZED_AUTOS = YES_AGGRESSIVE;
				GCC_WARN_UNUSED_FUNCTION = YES;
				GCC_WARN_UNUSED_VARIABLE = YES;
				IPHONEOS_DEPLOYMENT_TARGET = 13.1;
				MTL_ENABLE_DEBUG_INFO = NO;
				MTL_FAST_MATH = YES;
				SDKROOT = iphoneos;
				SWIFT_COMPILATION_MODE = wholemodule;
				SWIFT_OPTIMIZATION_LEVEL = "-O";
				VALIDATE_PRODUCT = YES;
			};
			name = Release;
		};
		A2121DDA234D9EDD00006087 /* Debug */ = {
			isa = XCBuildConfiguration;
			buildSettings = {
				ASSETCATALOG_COMPILER_APPICON_NAME = AppIcon;
				CODE_SIGN_STYLE = Automatic;
				DEVELOPMENT_TEAM = XV5S682VFJ;
				INFOPLIST_FILE = SidePresentation/Info.plist;
				LD_RUNPATH_SEARCH_PATHS = (
					"$(inherited)",
					"@executable_path/Frameworks",
				);
				PRODUCT_BUNDLE_IDENTIFIER = com.4sythB.SidePresentation;
				PRODUCT_NAME = "$(TARGET_NAME)";
				SWIFT_VERSION = 5.0;
				TARGETED_DEVICE_FAMILY = "1,2";
			};
			name = Debug;
		};
		A2121DDB234D9EDD00006087 /* Release */ = {
			isa = XCBuildConfiguration;
			buildSettings = {
				ASSETCATALOG_COMPILER_APPICON_NAME = AppIcon;
				CODE_SIGN_STYLE = Automatic;
				DEVELOPMENT_TEAM = XV5S682VFJ;
				INFOPLIST_FILE = SidePresentation/Info.plist;
				LD_RUNPATH_SEARCH_PATHS = (
					"$(inherited)",
					"@executable_path/Frameworks",
				);
				PRODUCT_BUNDLE_IDENTIFIER = com.4sythB.SidePresentation;
				PRODUCT_NAME = "$(TARGET_NAME)";
				SWIFT_VERSION = 5.0;
				TARGETED_DEVICE_FAMILY = "1,2";
			};
			name = Release;
		};
/* End XCBuildConfiguration section */

/* Begin XCConfigurationList section */
		A2121DC0234D9EDA00006087 /* Build configuration list for PBXProject "SidePresentation" */ = {
			isa = XCConfigurationList;
			buildConfigurations = (
				A2121DD7234D9EDD00006087 /* Debug */,
				A2121DD8234D9EDD00006087 /* Release */,
			);
			defaultConfigurationIsVisible = 0;
			defaultConfigurationName = Release;
		};
		A2121DD9234D9EDD00006087 /* Build configuration list for PBXNativeTarget "SidePresentation" */ = {
			isa = XCConfigurationList;
			buildConfigurations = (
				A2121DDA234D9EDD00006087 /* Debug */,
				A2121DDB234D9EDD00006087 /* Release */,
			);
			defaultConfigurationIsVisible = 0;
			defaultConfigurationName = Release;
		};
/* End XCConfigurationList section */
	};
	rootObject = A2121DBD234D9EDA00006087 /* Project object */;
}
